
Microsoft Visual Studio Solution File, Format Version 12.00
# Visual Studio Version 17
VisualStudioVersion = 17.7.33913.275
MinimumVisualStudioVersion = 10.0.40219.1
Project("{9A19103F-16F7-4668-BE54-9A1E7A4F7556}") = "RegistrovanjeIncidenata.DataAccess", "RegistrovanjeIncidenata.DataAccess\RegistrovanjeIncidenata.DataAccess.csproj", "{71F671AA-0396-4EC1-9D90-E72AB2570D9F}"
EndProject
Project("{9A19103F-16F7-4668-BE54-9A1E7A4F7556}") = "RegistrovanjeIncidenata.EmailService", "RegistrovanjeIncidenata.EmailService\RegistrovanjeIncidenata.EmailService.csproj", "{79FAFB82-B2C7-432D-8752-9E5DF4C842DE}"
EndProject
Project("{9A19103F-16F7-4668-BE54-9A1E7A4F7556}") = "RegistrovanjeIncidenata.Models", "RegistrovanjeIncidenata.Models\RegistrovanjeIncidenata.Models.csproj", "{C429C74E-6E71-4CCE-B11C-CADF6CEA825A}"
EndProject
Project("{9A19103F-16F7-4668-BE54-9A1E7A4F7556}") = "RegistrovanjeIncidenata.Utility", "RegistrovanjeIncidenata.Utility\RegistrovanjeIncidenata.Utility.csproj", "{052AFB61-D0DF-4D81-BE4F-2DC7E0E2D348}"
EndProject
Project("{9A19103F-16F7-4668-BE54-9A1E7A4F7556}") = "RegistrovanjeIncidenataNP", "RegistrovanjeIncidenataNP\RegistrovanjeIncidenataNP.csproj", "{C201B88D-E99D-4CD4-8D95-EADB72580CFA}"
EndProject
Project("{9A19103F-16F7-4668-BE54-9A1E7A4F7556}") = "paAjmoPokusat.EmailService", "EmailService\paAjmoPokusat.EmailService.csproj", "{2FBBBF15-7E1B-431D-9D0B-EED689DDBC26}"
EndProject
Global
	GlobalSection(SolutionConfigurationPlatforms) = preSolution
		Debug|Any CPU = Debug|Any CPU
		Release|Any CPU = Release|Any CPU
	EndGlobalSection
	GlobalSection(ProjectConfigurationPlatforms) = postSolution
		{71F671AA-0396-4EC1-9D90-E72AB2570D9F}.Debug|Any CPU.ActiveCfg = Debug|Any CPU
		{71F671AA-0396-4EC1-9D90-E72AB2570D9F}.Debug|Any CPU.Build.0 = Debug|Any CPU
		{71F671AA-0396-4EC1-9D90-E72AB2570D9F}.Release|Any CPU.ActiveCfg = Release|Any CPU
		{71F671AA-0396-4EC1-9D90-E72AB2570D9F}.Release|Any CPU.Build.0 = Release|Any CPU
		{79FAFB82-B2C7-432D-8752-9E5DF4C842DE}.Debug|Any CPU.ActiveCfg = Debug|Any CPU
		{79FAFB82-B2C7-432D-8752-9E5DF4C842DE}.Debug|Any CPU.Build.0 = Debug|Any CPU
		{79FAFB82-B2C7-432D-8752-9E5DF4C842DE}.Release|Any CPU.ActiveCfg = Release|Any CPU
		{79FAFB82-B2C7-432D-8752-9E5DF4C842DE}.Release|Any CPU.Build.0 = Release|Any CPU
		{C429C74E-6E71-4CCE-B11C-CADF6CEA825A}.Debug|Any CPU.ActiveCfg = Debug|Any CPU
		{C429C74E-6E71-4CCE-B11C-CADF6CEA825A}.Debug|Any CPU.Build.0 = Debug|Any CPU
		{C429C74E-6E71-4CCE-B11C-CADF6CEA825A}.Release|Any CPU.ActiveCfg = Release|Any CPU
		{C429C74E-6E71-4CCE-B11C-CADF6CEA825A}.Release|Any CPU.Build.0 = Release|Any CPU
		{052AFB61-D0DF-4D81-BE4F-2DC7E0E2D348}.Debug|Any CPU.ActiveCfg = Debug|Any CPU
		{052AFB61-D0DF-4D81-BE4F-2DC7E0E2D348}.Debug|Any CPU.Build.0 = Debug|Any CPU
		{052AFB61-D0DF-4D81-BE4F-2DC7E0E2D348}.Release|Any CPU.ActiveCfg = Release|Any CPU
		{052AFB61-D0DF-4D81-BE4F-2DC7E0E2D348}.Release|Any CPU.Build.0 = Release|Any CPU
		{C201B88D-E99D-4CD4-8D95-EADB72580CFA}.Debug|Any CPU.ActiveCfg = Debug|Any CPU
		{C201B88D-E99D-4CD4-8D95-EADB72580CFA}.Debug|Any CPU.Build.0 = Debug|Any CPU
		{C201B88D-E99D-4CD4-8D95-EADB72580CFA}.Release|Any CPU.ActiveCfg = Release|Any CPU
		{C201B88D-E99D-4CD4-8D95-EADB72580CFA}.Release|Any CPU.Build.0 = Release|Any CPU
		{2FBBBF15-7E1B-431D-9D0B-EED689DDBC26}.Debug|Any CPU.ActiveCfg = Debug|Any CPU
		{2FBBBF15-7E1B-431D-9D0B-EED689DDBC26}.Debug|Any CPU.Build.0 = Debug|Any CPU
		{2FBBBF15-7E1B-431D-9D0B-EED689DDBC26}.Release|Any CPU.ActiveCfg = Release|Any CPU
		{2FBBBF15-7E1B-431D-9D0B-EED689DDBC26}.Release|Any CPU.Build.0 = Release|Any CPU
	EndGlobalSection
	GlobalSection(SolutionProperties) = preSolution
		HideSolutionNode = FALSE
	EndGlobalSection
	GlobalSection(ExtensibilityGlobals) = postSolution
		SolutionGuid = {AA7DDE6C-1A38-4EDB-8802-596E51FF6F97}
	EndGlobalSection
EndGlobal
